PODS:
  - Amplify (1.15.6):
    - Amplify/Default (= 1.15.6)
  - Amplify/Default (1.15.6)
  - amplify_analytics_pinpoint (0.0.1):
    - Amplify (~> 1.15.3)
    - amplify_core
    - AmplifyPlugins/AWSPinpointAnalyticsPlugin (~> 1.15.3)
    - Flutter
  - amplify_auth_cognito (0.0.1):
    - Amplify (~> 1.15.3)
    - amplify_core
    - AmplifyPlugins/AWSCognitoAuthPlugin (~> 1.15.3)
    - Flutter
    - ObjectMapper
  - amplify_core (0.0.1):
    - Flutter
  - amplify_flutter (0.0.1):
    - Amplify (~> 1.15.3)
    - amplify_core
    - AmplifyPlugins/AWSCognitoAuthPlugin (~> 1.15.3)
    - AWSPluginsCore (~> 1.15.3)
    - Flutter
  - AmplifyPlugins/AWSCognitoAuthPlugin (1.15.6):
    - AWSAuthCore (~> 2.26.1)
    - AWSCognitoIdentityProvider (~> 2.26.1)
    - AWSCognitoIdentityProviderASF (~> 2.26.1)
    - AWSCore (~> 2.26.1)
    - AWSMobileClient (~> 2.26.1)
    - AWSPluginsCore (= 1.15.6)
  - AmplifyPlugins/AWSPinpointAnalyticsPlugin (1.15.6):
    - AWSCore (~> 2.26.1)
    - AWSPinpoint (~> 2.26.1)
    - AWSPluginsCore (= 1.15.6)
  - AWSAuthCore (2.26.4):
    - AWSCore (= 2.26.4)
  - AWSCognitoIdentityProvider (2.26.4):
    - AWSCognitoIdentityProviderASF (= 2.26.4)
    - AWSCore (= 2.26.4)
  - AWSCognitoIdentityProviderASF (2.26.4)
  - AWSCore (2.26.4)
  - AWSMobileClient (2.26.4):
    - AWSAuthCore (= 2.26.4)
    - AWSCognitoIdentityProvider (= 2.26.4)
    - AWSCognitoIdentityProviderASF (= 2.26.4)
    - AWSCore (= 2.26.4)
  - AWSPinpoint (2.26.4):
    - AWSCore (= 2.26.4)
  - AWSPluginsCore (1.15.6):
    - Amplify (= 1.15.6)
    - AWSCore (~> 2.26.1)
  - Flutter (1.0.0)
  - flutter_local_notifications (0.0.1):
    - Flutter
  - FMDB (2.7.5):
    - FMDB/standard (= 2.7.5)
  - FMDB/standard (2.7.5)
  - ObjectMapper (4.2.0)
  - path_provider (0.0.1):
    - Flutter
  - sqflite (0.0.2):
    - Flutter
    - FMDB (>= 2.7.5)
  - url_launcher (0.0.1):
    - Flutter

DEPENDENCIES:
  - amplify_analytics_pinpoint (from `.symlinks/plugins/amplify_analytics_pinpoint/ios`)
  - amplify_auth_cognito (from `.symlinks/plugins/amplify_auth_cognito/ios`)
  - amplify_core (from `.symlinks/plugins/amplify_core/ios`)
  - amplify_flutter (from `.symlinks/plugins/amplify_flutter/ios`)
  - Flutter (from `Flutter`)
  - flutter_local_notifications (from `.symlinks/plugins/flutter_local_notifications/ios`)
  - path_provider (from `.symlinks/plugins/path_provider/ios`)
  - sqflite (from `.symlinks/plugins/sqflite/ios`)
  - url_launcher (from `.symlinks/plugins/url_launcher/ios`)

SPEC REPOS:
  trunk:
    - Amplify
    - AmplifyPlugins
    - AWSAuthCore
    - AWSCognitoIdentityProvider
    - AWSCognitoIdentityProviderASF
    - AWSCore
    - AWSMobileClient
    - AWSPinpoint
    - AWSPluginsCore
    - FMDB
    - ObjectMapper

EXTERNAL SOURCES:
  amplify_analytics_pinpoint:
    :path: ".symlinks/plugins/amplify_analytics_pinpoint/ios"
  amplify_auth_cognito:
    :path: ".symlinks/plugins/amplify_auth_cognito/ios"
  amplify_core:
    :path: ".symlinks/plugins/amplify_core/ios"
  amplify_flutter:
    :path: ".symlinks/plugins/amplify_flutter/ios"
  Flutter:
    :path: Flutter
  flutter_local_notifications:
    :path: ".symlinks/plugins/flutter_local_notifications/ios"
  path_provider:
    :path: ".symlinks/plugins/path_provider/ios"
  sqflite:
    :path: ".symlinks/plugins/sqflite/ios"
  url_launcher:
    :path: ".symlinks/plugins/url_launcher/ios"

SPEC CHECKSUMS:
  Amplify: d6ec04316dd74852f6a968d89c0f8cab9947d4d5
  amplify_analytics_pinpoint: ddaccf69451b42f24e91c864d987314fdb090497
  amplify_auth_cognito: e33255ea6c8fd07a559736e67eef73aa3c0ce12c
  amplify_core: 8b38d20089fe4f225c14db6892f586bd03824a42
  amplify_flutter: d6dab5d246a6d607af75617d1acf1134ed91b201
  AmplifyPlugins: 7cfe5a34e97c6091855c10d83ccda538fb371cd1
  AWSAuthCore: 10fdd6eccf789389d32fc00790e605627e359e8f
  AWSCognitoIdentityProvider: 677c7fdd1554d1ac66ebcd515047f626883cf2f9
  AWSCognitoIdentityProviderASF: 2f1f5aa9f69244a88839f128ced10782b19b2717
  AWSCore: ee7217d84a3ec7f6748462e7f765a794d47f23c6
  AWSMobileClient: f1ad9a17ff292fbb673689c3442b72fce5467b86
  AWSPinpoint: 0a5dba4f0bb7613970a67c44b6cf7e08e3ade6fb
  AWSPluginsCore: 46b75ee57b0a1f10d64f4fa6b3b4153f5900dd4f
  Flutter: 434fef37c0980e73bb6479ef766c45957d4b510c
  flutter_local_notifications: 0c0b1ae97e741e1521e4c1629a459d04b9aec743
  FMDB: 2ce00b547f966261cd18927a3ddb07cb6f3db82a
  ObjectMapper: 1eb41f610210777375fa806bf161dc39fb832b81
  path_provider: abfe2b5c733d04e238b0d8691db0cfd63a27a93c
  sqflite: 6d358c025f5b867b29ed92fc697fd34924e11904
  url_launcher: 6fef411d543ceb26efce54b05a0a40bfd74cbbef

PODFILE CHECKSUM: 7368163408c647b7eb699d0d788ba6718e18fb8d

COCOAPODS: 1.11.2
