PODS:
  - Amplify (1.15.2):
    - Amplify/Default (= 1.15.2)
  - Amplify/Default (1.15.2)
  - amplify_analytics_pinpoint (0.0.1):
    - Amplify (~> 1.15.2)
    - amplify_core
    - AmplifyPlugins/AWSPinpointAnalyticsPlugin (~> 1.15.2)
    - Flutter
  - amplify_auth_cognito (0.0.1):
    - Amplify (~> 1.15.2)
    - amplify_core
    - AmplifyPlugins/AWSCognitoAuthPlugin (~> 1.15.2)
    - Flutter
    - ObjectMapper
  - amplify_core (0.0.1):
    - Flutter
  - amplify_flutter (0.0.1):
    - Amplify (~> 1.15.2)
    - amplify_core
    - AmplifyPlugins/AWSCognitoAuthPlugin (~> 1.15.2)
    - AWSPluginsCore (~> 1.15.2)
    - Flutter
  - AmplifyPlugins/AWSCognitoAuthPlugin (1.15.2):
    - AWSAuthCore (~> 2.26.1)
    - AWSCognitoIdentityProvider (~> 2.26.1)
    - AWSCognitoIdentityProviderASF (~> 2.26.1)
    - AWSCore (~> 2.26.1)
    - AWSMobileClient (~> 2.26.1)
    - AWSPluginsCore (= 1.15.2)
  - AmplifyPlugins/AWSPinpointAnalyticsPlugin (1.15.2):
    - AWSCore (~> 2.26.1)
    - AWSPinpoint (~> 2.26.1)
    - AWSPluginsCore (= 1.15.2)
  - AWSAuthCore (2.26.1):
    - AWSCore (= 2.26.1)
  - AWSCognitoIdentityProvider (2.26.1):
    - AWSCognitoIdentityProviderASF (= 2.26.1)
    - AWSCore (= 2.26.1)
  - AWSCognitoIdentityProviderASF (2.26.1)
  - AWSCore (2.26.1)
  - AWSMobileClient (2.26.1):
    - AWSAuthCore (= 2.26.1)
    - AWSCognitoIdentityProvider (= 2.26.1)
    - AWSCognitoIdentityProviderASF (= 2.26.1)
    - AWSCore (= 2.26.1)
  - AWSPinpoint (2.26.1):
    - AWSCore (= 2.26.1)
  - AWSPluginsCore (1.15.2):
    - Amplify (= 1.15.2)
    - AWSCore (~> 2.26.1)
  - Flutter (1.0.0)
  - flutter_local_notifications (0.0.1):
    - Flutter
  - FMDB (2.7.5):
    - FMDB/standard (= 2.7.5)
  - FMDB/standard (2.7.5)
  - ObjectMapper (4.2.0)
  - path_provider (0.0.1):
    - Flutter
  - sqflite (0.0.2):
    - Flutter
    - FMDB (>= 2.7.5)
  - url_launcher (0.0.1):
    - Flutter

DEPENDENCIES:
  - amplify_analytics_pinpoint (from `.symlinks/plugins/amplify_analytics_pinpoint/ios`)
  - amplify_auth_cognito (from `.symlinks/plugins/amplify_auth_cognito/ios`)
  - amplify_core (from `.symlinks/plugins/amplify_core/ios`)
  - amplify_flutter (from `.symlinks/plugins/amplify_flutter/ios`)
  - Flutter (from `Flutter`)
  - flutter_local_notifications (from `.symlinks/plugins/flutter_local_notifications/ios`)
  - path_provider (from `.symlinks/plugins/path_provider/ios`)
  - sqflite (from `.symlinks/plugins/sqflite/ios`)
  - url_launcher (from `.symlinks/plugins/url_launcher/ios`)

SPEC REPOS:
  trunk:
    - Amplify
    - AmplifyPlugins
    - AWSAuthCore
    - AWSCognitoIdentityProvider
    - AWSCognitoIdentityProviderASF
    - AWSCore
    - AWSMobileClient
    - AWSPinpoint
    - AWSPluginsCore
    - FMDB
    - ObjectMapper

EXTERNAL SOURCES:
  amplify_analytics_pinpoint:
    :path: ".symlinks/plugins/amplify_analytics_pinpoint/ios"
  amplify_auth_cognito:
    :path: ".symlinks/plugins/amplify_auth_cognito/ios"
  amplify_core:
    :path: ".symlinks/plugins/amplify_core/ios"
  amplify_flutter:
    :path: ".symlinks/plugins/amplify_flutter/ios"
  Flutter:
    :path: Flutter
  flutter_local_notifications:
    :path: ".symlinks/plugins/flutter_local_notifications/ios"
  path_provider:
    :path: ".symlinks/plugins/path_provider/ios"
  sqflite:
    :path: ".symlinks/plugins/sqflite/ios"
  url_launcher:
    :path: ".symlinks/plugins/url_launcher/ios"

SPEC CHECKSUMS:
  Amplify: f0e9e511d05925a1dd7b2b097b13694b2015aa25
  amplify_analytics_pinpoint: 2ea07b84415b6561dc3a1fb99a87845075ed0548
  amplify_auth_cognito: ab222144b999a09c4cba4c1942797f195770d776
  amplify_core: 8b38d20089fe4f225c14db6892f586bd03824a42
  amplify_flutter: 4502b83ab61612fb34212b0c69c26d09c27197b5
  AmplifyPlugins: bf1558a4efb6ed94b80eff7a20fda020322409e3
  AWSAuthCore: 264faaa6af5990af2c77effe8f398a4b80e6c44e
  AWSCognitoIdentityProvider: 5df455775b57eb4e61862acd88d93e56113950c4
  AWSCognitoIdentityProviderASF: b2c180f69537d57ff485f7314fd266032ca3f898
  AWSCore: 0f855e20ccb13e028932b737f0706023a9561399
  AWSMobileClient: ba255030a481b8a123b21585548e761456efc64b
  AWSPinpoint: 1f5ee40a31fc0ef8187a671bcb8340139f5ef943
  AWSPluginsCore: ff09e8b86b7969327a1ba0b8c6946d83008cbf81
  Flutter: 434fef37c0980e73bb6479ef766c45957d4b510c
  flutter_local_notifications: 0c0b1ae97e741e1521e4c1629a459d04b9aec743
  FMDB: 2ce00b547f966261cd18927a3ddb07cb6f3db82a
  ObjectMapper: 1eb41f610210777375fa806bf161dc39fb832b81
  path_provider: abfe2b5c733d04e238b0d8691db0cfd63a27a93c
  sqflite: 6d358c025f5b867b29ed92fc697fd34924e11904
  url_launcher: 6fef411d543ceb26efce54b05a0a40bfd74cbbef

PODFILE CHECKSUM: 7368163408c647b7eb699d0d788ba6718e18fb8d

COCOAPODS: 1.11.2
